<?xml version="1.0" encoding="UTF-8" standalone="yes" ?>
<CodeBlocks_project_file>
	<FileVersion major="1" minor="6" />
	<Project>
		<Option title="Numerical" />
		<Option pch_mode="2" />
		<Option compiler="gcc" />
		<Build>
			<Target title="Debug">
				<Option output="bin/Debug/Numerical" prefix_auto="1" extension_auto="1" />
				<Option object_output="obj/Debug/" />
				<Option type="1" />
				<Option compiler="gcc" />
				<Compiler>
					<Add option="-g" />
					<Add directory="./" />
				</Compiler>
			</Target>
			<Target title="Release">
				<Option output="bin/Release/Numerical" prefix_auto="1" extension_auto="1" />
				<Option object_output="obj/Release/" />
				<Option type="1" />
				<Option compiler="gcc" />
				<Compiler>
					<Add option="-O2" />
					<Add directory="./" />
				</Compiler>
				<Linker>
					<Add option="-s" />
				</Linker>
			</Target>
		</Build>
		<Compiler>
			<Add option="-Wall" />
			<Add option="-fexceptions" />
		</Compiler>
		<Unit filename="BiSectionMethod.cpp" />
		<Unit filename="BiSectionMethod.h" />
		<Unit filename="FalsePositionMethod.cpp" />
		<Unit filename="FalsePositionMethod.h" />
		<Unit filename="GaussEliminatioin.cpp" />
		<Unit filename="GaussEliminatioin.h" />
		<Unit filename="Gauss_Siedel.cpp" />
		<Unit filename="Gauss_Siedel.h" />
		<Unit filename="Jacobi_Iterative.cpp" />
		<Unit filename="Jacobi_Iterative.h" />
		<Unit filename="Jordan_Elimination.cpp" />
		<Unit filename="Jordan_Elimination.h" />
		<Unit filename="LU_factorization.cpp" />
		<Unit filename="LU_factorization.h" />
		<Unit filename="NewtonRaphsonMethod.cpp" />
		<Unit filename="NewtonRaphsonMethod.h" />
		<Unit filename="RungeKutta.cpp" />
		<Unit filename="RungeKutta.h" />
		<Unit filename="SecantMethod.cpp" />
		<Unit filename="SecantMethod.h" />
		<Unit filename="main.cpp" />
		<Extensions>
			<lib_finder disable_auto="1" />
		</Extensions>
	</Project>
</CodeBlocks_project_file>
